
Microsoft Visual Studio Solution File, Format Version 12.00
# Visual Studio Version 17
VisualStudioVersion = 17.3.32811.315
MinimumVisualStudioVersion = 10.0.40219.1
Project("{9A19103F-16F7-4668-BE54-9A1E7A4F7556}") = "Crud_Islemleri", "example1\Crud_Islemleri.csproj", "{6112EADE-D8F6-45C7-8BDD-EBDD0764004D}"
EndProject
Project("{9A19103F-16F7-4668-BE54-9A1E7A4F7556}") = "DAL", "DAL\DAL.csproj", "{E87D3524-D589-49DA-829E-075FE9F181D6}"
EndProject
Global
	GlobalSection(SolutionConfigurationPlatforms) = preSolution
		Debug|Any CPU = Debug|Any CPU
		Release|Any CPU = Release|Any CPU
	EndGlobalSection
	GlobalSection(ProjectConfigurationPlatforms) = postSolution
		{6112EADE-D8F6-45C7-8BDD-EBDD0764004D}.Debug|Any CPU.ActiveCfg = Debug|Any CPU
		{6112EADE-D8F6-45C7-8BDD-EBDD0764004D}.Debug|Any CPU.Build.0 = Debug|Any CPU
		{6112EADE-D8F6-45C7-8BDD-EBDD0764004D}.Release|Any CPU.ActiveCfg = Release|Any CPU
		{6112EADE-D8F6-45C7-8BDD-EBDD0764004D}.Release|Any CPU.Build.0 = Release|Any CPU
		{E87D3524-D589-49DA-829E-075FE9F181D6}.Debug|Any CPU.ActiveCfg = Debug|Any CPU
		{E87D3524-D589-49DA-829E-075FE9F181D6}.Debug|Any CPU.Build.0 = Debug|Any CPU
		{E87D3524-D589-49DA-829E-075FE9F181D6}.Release|Any CPU.ActiveCfg = Release|Any CPU
		{E87D3524-D589-49DA-829E-075FE9F181D6}.Release|Any CPU.Build.0 = Release|Any CPU
	EndGlobalSection
	GlobalSection(SolutionProperties) = preSolution
		HideSolutionNode = FALSE
	EndGlobalSection
	GlobalSection(ExtensibilityGlobals) = postSolution
		SolutionGuid = {FAB59E4B-7CDC-4F7F-92E4-F2695E46BC17}
	EndGlobalSection
EndGlobal
